{
  "version": 4,
  "terraform_version": "0.12.24",
  "serial": 2135,
  "lineage": "2c56a956-9d2c-cd1f-6df6-cb53b4ff5edc",
  "outputs": {
    "OUT_INFO_MGRASO": {
      "value": {
        "_ACCESS_KEY": "AKIAWFKLYP2UQKTJRRVO",
        "_SECRET_KEY": "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"
      },
      "type": [
        "object",
        {
          "_ACCESS_KEY": "string",
          "_SECRET_KEY": "string"
        }
      ]
    },
    "OUT_INFO_PCRIADO": {
      "value": {
        "_ACCESS_KEY": "AKIAWFKLYP2UTDRRNE6A",
        "_SECRET_KEY": "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"
      },
      "type": [
        "object",
        {
          "_ACCESS_KEY": "string",
          "_SECRET_KEY": "string"
        }
      ]
    },
    "OUT_INFO_RGUERRA": {
      "value": {
        "_ACCESS_KEY": "AKIAWFKLYP2U6742REXA",
        "_SECRET_KEY": "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"
      },
      "type": [
        "object",
        {
          "_ACCESS_KEY": "string",
          "_SECRET_KEY": "string"
        }
      ]
    },
    "OUT_INFO_S3": {
      "value": {
        "_bucket.arn": "arn:aws:s3:::capacitacion-terraform",
        "_bucket.id": "capacitacion-terraform",
        "_object.key": "Install_MicroService_nodo1.sh"
      },
      "type": [
        "object",
        {
          "_bucket.arn": "string",
          "_bucket.id": "string",
          "_object.key": "string"
        }
      ]
    },
    "OUT_URI_API-GATEWAY_BE": {
      "value": "http://www.capacitacion-terraform.com:8080/terraformservice/get/saludar/{nombre}/{server}",
      "type": "string"
    }
  },
  "resources": [
    {
      "mode": "data",
      "type": "aws_api_gateway_resource",
      "name": "agr_001",
      "provider": "provider.aws",
      "instances": [
        {
          "schema_version": 0,
          "attributes": {
            "id": "biezug",
            "parent_id": "dbm6g2",
            "path": "/get/saludar/{nombre}/{server}",
            "path_part": "{server}",
            "rest_api_id": "8dd98ve1r6"
          }
        }
      ]
    },
    {
      "mode": "data",
      "type": "aws_s3_bucket_object",
      "name": "obj_bs3_001",
      "provider": "provider.aws",
      "instances": [
        {
          "schema_version": 0,
          "attributes": {
            "body": null,
            "bucket": "capacitacion-terraform",
            "cache_control": "",
            "content_disposition": "",
            "content_encoding": "text/plain",
            "content_language": "",
            "content_length": 1224,
            "content_type": "binary/octet-stream",
            "etag": "448365e149f26c4bd87ca58049229143",
            "expiration": "",
            "expires": "",
            "id": "capacitacion-terraform/Install_MicroService_nodo1.sh",
            "key": "Install_MicroService_nodo1.sh",
            "last_modified": "Sat, 09 May 2020 20:10:41 UTC",
            "metadata": {},
            "object_lock_legal_hold_status": "",
            "object_lock_mode": "",
            "object_lock_retain_until_date": "",
            "range": null,
            "server_side_encryption": "",
            "sse_kms_key_id": "",
            "storage_class": "STANDARD",
            "tags": {},
            "version_id": "5PfzuN2Gfzgf_1iHDdQfEAVVUKTNF6w0",
            "website_redirect_location": ""
          }
        }
      ]
    },
    {
      "mode": "managed",
      "type": "aws_api_gateway_deployment",
      "name": "agd_001",
      "provider": "provider.aws",
      "instances": [
        {
          "schema_version": 0,
          "attributes": {
            "created_date": "2020-05-09T20:58:19Z",
            "description": "",
            "execution_arn": "arn:aws:execute-api:us-east-1:423750041257:8dd98ve1r6/DESA",
            "id": "qhdrk4",
            "invoke_url": "https://8dd98ve1r6.execute-api.us-east-1.amazonaws.com/DESA",
            "rest_api_id": "8dd98ve1r6",
            "stage_description": "'API' DEL 'MICROSERVICIO' DESPLEGADO: [2020-05-09T20:58:18Z]",
            "stage_name": "DESA",
            "variables": null
          },
          "private": "bnVsbA==",
          "dependencies": [
            "aws_api_gateway_integration.agi_001",
            "aws_api_gateway_rest_api.agra_001"
          ]
        }
      ]
    },
    {
      "mode": "managed",
      "type": "aws_api_gateway_integration",
      "name": "agi_001",
      "provider": "provider.aws",
      "instances": [
        {
          "schema_version": 0,
          "attributes": {
            "cache_key_parameters": [],
            "cache_namespace": "biezug",
            "connection_id": "",
            "connection_type": "INTERNET",
            "content_handling": "",
            "credentials": "",
            "http_method": "GET",
            "id": "agi-8dd98ve1r6-biezug-GET",
            "integration_http_method": "GET",
            "passthrough_behavior": "WHEN_NO_MATCH",
            "request_parameters": {
              "integration.request.path.nombre": "method.request.path.nombre",
              "integration.request.path.server": "method.request.path.server"
            },
            "request_parameters_in_json": null,
            "request_templates": {},
            "resource_id": "biezug",
            "rest_api_id": "8dd98ve1r6",
            "timeout_milliseconds": 29000,
            "type": "HTTP",
            "uri": "http://www.capacitacion-terraform.com:8080/terraformservice/get/saludar/{nombre}/{server}"
          },
          "private": "bnVsbA==",
          "dependencies": [
            "aws_api_gateway_rest_api.agra_001"
          ]
        }
      ]
    },
    {
      "mode": "managed",
      "type": "aws_api_gateway_integration_response",
      "name": "agir_001",
      "provider": "provider.aws",
      "instances": [
        {
          "schema_version": 0,
          "attributes": {
            "content_handling": "",
            "http_method": "GET",
            "id": "agir-8dd98ve1r6-biezug-GET-200",
            "resource_id": "biezug",
            "response_parameters": {},
            "response_parameters_in_json": null,
            "response_templates": {},
            "rest_api_id": "8dd98ve1r6",
            "selection_pattern": "",
            "status_code": "200"
          },
          "private": "bnVsbA==",
          "dependencies": [
            "aws_api_gateway_integration.agi_001",
            "aws_api_gateway_rest_api.agra_001"
          ]
        }
      ]
    },
    {
      "mode": "managed",
      "type": "aws_api_gateway_rest_api",
      "name": "agra_001",
      "provider": "provider.aws",
      "instances": [
        {
          "schema_version": 0,
          "attributes": {
            "api_key_source": "HEADER",
            "arn": "arn:aws:apigateway:us-east-1::/restapis/8dd98ve1r6",
            "binary_media_types": [],
            "body": "openapi: 3.0.0\r\ninfo:\r\n  description: 'CONTRATO/API DEL MICROSERVICIO: terraform_microservice'\r\n  version: '1.0'\r\n  title: 'CONTRATO/API DEL MICROSERVICIO: terraform_microservice'\r\n  termsOfService: 'http://swagger.io/terms/'\r\n  contact:\r\n    email: cesarricardo_guerra19@hotmail.com\r\n    name: CESAR GUERRA\r\n  license:\r\n    name: Apache 2.0\r\n    url: 'http://www.apache.org/licenses/LICENSE-2.0.html'\r\n    \r\nservers:\r\n  - url: 'http://pe.com.capacitacion/terraformservice'\r\n  \r\npaths:\r\n  ###################################################################################################\r\n  ############################################ [SALUDAR] ############################################\r\n  ###################################################################################################\r\n                  \r\n  ####### [MICROSERVICIO#1] #######  \r\n  '/get/saludar/{nombre}/{server}':\r\n    get:\r\n      summary: 'Funcionalidad para [SALUDAR] en base al envio del  por nombre \u0026 server.'\r\n      description: 'Funcionalidad para [SALUDAR] en base al envio del  por nombre \u0026 server.'\r\n      operationId: saludar\r\n      parameters:\r\n        - name: nombre\r\n          in: path\r\n          description: El nombre del Empleado\r\n          required: true\r\n          schema:\r\n            type: string\r\n        - name: server\r\n          in: path\r\n          description: El server manejado\r\n          required: true\r\n          schema:\r\n            type: string\r\n      responses:\r\n        '200':\r\n          description: \"\"\r\n                    \r\nexternalDocs:\r\n  description: Encuentra mas sobre SWAGGER\r\n  url: 'http://swagger.io'\r\n ",
            "created_date": "2020-05-09T20:10:32Z",
            "description": "API QUE PERMITE EXPONER LA FUNCIONALIDAD DEL 'MICROSERVICIO' EN BASE A SU 'API'.",
            "endpoint_configuration": [
              {
                "types": [
                  "REGIONAL"
                ],
                "vpc_endpoint_ids": []
              }
            ],
            "execution_arn": "arn:aws:execute-api:us-east-1:423750041257:8dd98ve1r6",
            "id": "8dd98ve1r6",
            "minimum_compression_size": -1,
            "name": "agra_001",
            "policy": "",
            "root_resource_id": "zzspvua8xc",
            "tags": {}
          },
          "private": "bnVsbA=="
        }
      ]
    },
    {
      "mode": "managed",
      "type": "aws_autoscaling_group",
      "name": "scaling_group_001",
      "provider": "provider.aws",
      "instances": [
        {
          "schema_version": 0,
          "attributes": {
            "arn": "arn:aws:autoscaling:us-east-1:423750041257:autoScalingGroup:d2dc5319-bd51-4646-8983-ce685e535b24:autoScalingGroupName/scaling_group_001",
            "availability_zones": [
              "us-east-1a",
              "us-east-1b",
              "us-east-1c"
            ],
            "default_cooldown": 300,
            "desired_capacity": 2,
            "enabled_metrics": [
              "GroupDesiredCapacity",
              "GroupInServiceInstances",
              "GroupMaxSize",
              "GroupMinSize",
              "GroupTotalInstances"
            ],
            "force_delete": false,
            "health_check_grace_period": 300,
            "health_check_type": "ELB",
            "id": "scaling_group_001",
            "initial_lifecycle_hook": [],
            "launch_configuration": "launch_config_001-20200509201048552500000002",
            "launch_template": [],
            "load_balancers": [
              "elb-001"
            ],
            "max_instance_lifetime": 0,
            "max_size": 2,
            "metrics_granularity": "1Minute",
            "min_elb_capacity": null,
            "min_size": 1,
            "mixed_instances_policy": [],
            "name": "scaling_group_001",
            "name_prefix": null,
            "placement_group": "",
            "protect_from_scale_in": false,
            "service_linked_role_arn": "arn:aws:iam::423750041257:role/aws-service-role/autoscaling.amazonaws.com/AWSServiceRoleForAutoScaling",
            "suspended_processes": [],
            "tag": [
              {
                "key": "Name",
                "propagate_at_launch": true,
                "value": "INST. (EC2) Temp"
              }
            ],
            "tags": null,
            "target_group_arns": [],
            "termination_policies": [],
            "timeouts": null,
            "vpc_zone_identifier": [
              "subnet-034f73b6fcaebf281",
              "subnet-0d9a09f5f13d37ce5",
              "subnet-0e9f6e349b16230c2"
            ],
            "wait_for_capacity_timeout": "10m",
            "wait_for_elb_capacity": null
          },
          "private": "eyJlMmJmYjczMC1lY2FhLTExZTYtOGY4OC0zNDM2M2JjN2M0YzAiOnsiZGVsZXRlIjo2MDAwMDAwMDAwMDB9fQ==",
          "dependencies": [
            "aws_elb.elb_001",
            "aws_instance.ec2_generic",
            "aws_launch_configuration.launch_config_001",
            "aws_security_group.sg_generic",
            "aws_subnet.sn_generic"
          ]
        }
      ]
    },
    {
      "mode": "managed",
      "type": "aws_autoscaling_policy",
      "name": "poly_scaling_down",
      "provider": "provider.aws",
      "instances": [
        {
          "schema_version": 0,
          "attributes": {
            "adjustment_type": "ChangeInCapacity",
            "arn": "arn:aws:autoscaling:us-east-1:423750041257:scalingPolicy:58a76636-f594-49e9-a421-0117cf28c41e:autoScalingGroupName/scaling_group_001:policyName/policy_as_down",
            "autoscaling_group_name": "scaling_group_001",
            "cooldown": 200,
            "estimated_instance_warmup": 0,
            "id": "policy_as_down",
            "metric_aggregation_type": "",
            "min_adjustment_magnitude": null,
            "min_adjustment_step": null,
            "name": "policy_as_down",
            "policy_type": "SimpleScaling",
            "scaling_adjustment": -1,
            "step_adjustment": [],
            "target_tracking_configuration": []
          },
          "private": "bnVsbA==",
          "dependencies": [
            "aws_autoscaling_group.scaling_group_001",
            "aws_elb.elb_001",
            "aws_instance.ec2_generic",
            "aws_key_pair.kp_001",
            "aws_key_pair.kp_002",
            "aws_key_pair.kp_003",
            "aws_launch_configuration.launch_config_001",
            "aws_security_group.sg_generic",
            "aws_subnet.sn_generic",
            "aws_vpc.vpc_001"
          ]
        }
      ]
    },
    {
      "mode": "managed",
      "type": "aws_autoscaling_policy",
      "name": "poly_scaling_up",
      "provider": "provider.aws",
      "instances": [
        {
          "schema_version": 0,
          "attributes": {
            "adjustment_type": "ChangeInCapacity",
            "arn": "arn:aws:autoscaling:us-east-1:423750041257:scalingPolicy:2ea338f7-c08d-48b5-8163-8109672d4e69:autoScalingGroupName/scaling_group_001:policyName/poly_as_up",
            "autoscaling_group_name": "scaling_group_001",
            "cooldown": 200,
            "estimated_instance_warmup": 0,
            "id": "poly_as_up",
            "metric_aggregation_type": "",
            "min_adjustment_magnitude": null,
            "min_adjustment_step": null,
            "name": "poly_as_up",
            "policy_type": "SimpleScaling",
            "scaling_adjustment": 1,
            "step_adjustment": [],
            "target_tracking_configuration": []
          },
          "private": "bnVsbA==",
          "dependencies": [
            "aws_autoscaling_group.scaling_group_001",
            "aws_elb.elb_001",
            "aws_instance.ec2_generic",
            "aws_key_pair.kp_001",
            "aws_key_pair.kp_002",
            "aws_key_pair.kp_003",
            "aws_launch_configuration.launch_config_001",
            "aws_security_group.sg_generic",
            "aws_subnet.sn_generic",
            "aws_vpc.vpc_001"
          ]
        }
      ]
    },
    {
      "mode": "managed",
      "type": "aws_cloudwatch_metric_alarm",
      "name": "cw_alarm_down",
      "provider": "provider.aws",
      "instances": [
        {
          "schema_version": 1,
          "attributes": {
            "actions_enabled": true,
            "alarm_actions": [
              "arn:aws:autoscaling:us-east-1:423750041257:scalingPolicy:58a76636-f594-49e9-a421-0117cf28c41e:autoScalingGroupName/scaling_group_001:policyName/policy_as_down"
            ],
            "alarm_description": "ESTA 'MÉTRICA' MONITOREA LAS 'INSTANCIAS EC2' A NIVEL DE 'CPU': (NORMALIDAD DE 'UMBRAL')",
            "alarm_name": "cw_alarm_down",
            "arn": "arn:aws:cloudwatch:us-east-1:423750041257:alarm:cw_alarm_down",
            "comparison_operator": "LessThanOrEqualToThreshold",
            "datapoints_to_alarm": 0,
            "dimensions": {
              "AutoScalingGroupName": "scaling_group_001"
            },
            "evaluate_low_sample_count_percentiles": "",
            "evaluation_periods": 2,
            "extended_statistic": "",
            "id": "cw_alarm_down",
            "insufficient_data_actions": [],
            "metric_name": "CPUUtilization",
            "metric_query": [],
            "namespace": "AWS/EC2",
            "ok_actions": [],
            "period": 120,
            "statistic": "Average",
            "tags": {},
            "threshold": 30,
            "threshold_metric_id": "",
            "treat_missing_data": "missing",
            "unit": ""
          },
          "private": "eyJzY2hlbWFfdmVyc2lvbiI6IjEifQ==",
          "dependencies": [
            "aws_autoscaling_group.scaling_group_001",
            "aws_autoscaling_policy.poly_scaling_down",
            "aws_elb.elb_001",
            "aws_instance.ec2_generic",
            "aws_key_pair.kp_001",
            "aws_key_pair.kp_002",
            "aws_key_pair.kp_003",
            "aws_launch_configuration.launch_config_001",
            "aws_security_group.sg_generic",
            "aws_subnet.sn_generic",
            "aws_vpc.vpc_001"
          ]
        }
      ]
    },
    {
      "mode": "managed",
      "type": "aws_cloudwatch_metric_alarm",
      "name": "cw_alarm_up",
      "provider": "provider.aws",
      "instances": [
        {
          "schema_version": 1,
          "attributes": {
            "actions_enabled": true,
            "alarm_actions": [
              "arn:aws:autoscaling:us-east-1:423750041257:scalingPolicy:2ea338f7-c08d-48b5-8163-8109672d4e69:autoScalingGroupName/scaling_group_001:policyName/poly_as_up"
            ],
            "alarm_description": "ESTA 'MÉTRICA' MONITOREA LAS 'INSTANCIAS EC2' A NIVEL DE 'CPU': (SOBREPASO DE 'UMBRAL')",
            "alarm_name": "cw_alarm_up",
            "arn": "arn:aws:cloudwatch:us-east-1:423750041257:alarm:cw_alarm_up",
            "comparison_operator": "GreaterThanOrEqualToThreshold",
            "datapoints_to_alarm": 0,
            "dimensions": {
              "AutoScalingGroupName": "scaling_group_001"
            },
            "evaluate_low_sample_count_percentiles": "",
            "evaluation_periods": 2,
            "extended_statistic": "",
            "id": "cw_alarm_up",
            "insufficient_data_actions": [],
            "metric_name": "CPUUtilization",
            "metric_query": [],
            "namespace": "AWS/EC2",
            "ok_actions": [],
            "period": 120,
            "statistic": "Average",
            "tags": {},
            "threshold": 31,
            "threshold_metric_id": "",
            "treat_missing_data": "missing",
            "unit": ""
          },
          "private": "eyJzY2hlbWFfdmVyc2lvbiI6IjEifQ==",
          "dependencies": [
            "aws_autoscaling_group.scaling_group_001",
            "aws_autoscaling_policy.poly_scaling_up",
            "aws_elb.elb_001",
            "aws_instance.ec2_generic",
            "aws_key_pair.kp_001",
            "aws_key_pair.kp_002",
            "aws_key_pair.kp_003",
            "aws_launch_configuration.launch_config_001",
            "aws_security_group.sg_generic",
            "aws_subnet.sn_generic",
            "aws_vpc.vpc_001"
          ]
        }
      ]
    },
    {
      "mode": "managed",
      "type": "aws_eip",
      "name": "eip_001",
      "provider": "provider.aws",
      "instances": [
        {
          "schema_version": 0,
          "attributes": {
            "allocation_id": null,
            "associate_with_private_ip": null,
            "association_id": "eipassoc-0c7d2ed44815cdd49",
            "domain": "vpc",
            "id": "eipalloc-06358cca1b56dab61",
            "instance": "i-0e6590d1814b00156",
            "network_interface": "eni-0aeb96fdc2ac1a371",
            "private_dns": "ip-10-0-1-10.ec2.internal",
            "private_ip": "10.0.1.10",
            "public_dns": "ec2-34-224-234-60.compute-1.amazonaws.com",
            "public_ip": "34.224.234.60",
            "public_ipv4_pool": "amazon",
            "tags": {
              "Name": "EIP #001"
            },
            "timeouts": null,
            "vpc": true
          },
          "private": "eyJlMmJmYjczMC1lY2FhLTExZTYtOGY4OC0zNDM2M2JjN2M0YzAiOnsiZGVsZXRlIjoxODAwMDAwMDAwMDAsInJlYWQiOjkwMDAwMDAwMDAwMCwidXBkYXRlIjozMDAwMDAwMDAwMDB9fQ=="
        }
      ]
    },
    {
      "mode": "managed",
      "type": "aws_eip",
      "name": "eip_002",
      "provider": "provider.aws",
      "instances": [
        {
          "schema_version": 0,
          "attributes": {
            "allocation_id": null,
            "associate_with_private_ip": null,
            "association_id": "eipassoc-0ec9145e7275933fe",
            "domain": "vpc",
            "id": "eipalloc-006f974f982ae92a5",
            "instance": "i-058773cbca4eb0b65",
            "network_interface": "eni-095cc2548e2e771a5",
            "private_dns": "ip-10-0-2-10.ec2.internal",
            "private_ip": "10.0.2.10",
            "public_dns": "ec2-3-233-50-185.compute-1.amazonaws.com",
            "public_ip": "3.233.50.185",
            "public_ipv4_pool": "amazon",
            "tags": {
              "Name": "EIP #002"
            },
            "timeouts": null,
            "vpc": true
          },
          "private": "eyJlMmJmYjczMC1lY2FhLTExZTYtOGY4OC0zNDM2M2JjN2M0YzAiOnsiZGVsZXRlIjoxODAwMDAwMDAwMDAsInJlYWQiOjkwMDAwMDAwMDAwMCwidXBkYXRlIjozMDAwMDAwMDAwMDB9fQ=="
        }
      ]
    },
    {
      "mode": "managed",
      "type": "aws_eip",
      "name": "eip_003",
      "provider": "provider.aws",
      "instances": [
        {
          "schema_version": 0,
          "attributes": {
            "allocation_id": null,
            "associate_with_private_ip": null,
            "association_id": "eipassoc-05ee4a8ead36c0ae1",
            "domain": "vpc",
            "id": "eipalloc-0ce98240aa17391a5",
            "instance": "i-041bc2ff1071939cb",
            "network_interface": "eni-06ad580ff1e04809d",
            "private_dns": "ip-10-0-3-10.ec2.internal",
            "private_ip": "10.0.3.10",
            "public_dns": "ec2-3-213-107-3.compute-1.amazonaws.com",
            "public_ip": "3.213.107.3",
            "public_ipv4_pool": "amazon",
            "tags": {
              "Name": "EIP #003"
            },
            "timeouts": null,
            "vpc": true
          },
          "private": "eyJlMmJmYjczMC1lY2FhLTExZTYtOGY4OC0zNDM2M2JjN2M0YzAiOnsiZGVsZXRlIjoxODAwMDAwMDAwMDAsInJlYWQiOjkwMDAwMDAwMDAwMCwidXBkYXRlIjozMDAwMDAwMDAwMDB9fQ=="
        }
      ]
    },
    {
      "mode": "managed",
      "type": "aws_eip_association",
      "name": "assign_eip_to_ec2_001",
      "provider": "provider.aws",
      "instances": [
        {
          "schema_version": 0,
          "attributes": {
            "allocation_id": "eipalloc-06358cca1b56dab61",
            "allow_reassociation": null,
            "id": "eipassoc-0c7d2ed44815cdd49",
            "instance_id": "i-0e6590d1814b00156",
            "network_interface_id": "eni-0aeb96fdc2ac1a371",
            "private_ip_address": "10.0.1.10",
            "public_ip": "34.224.234.60"
          },
          "private": "bnVsbA==",
          "dependencies": [
            "aws_eip.eip_001",
            "aws_instance.ec2_generic",
            "aws_key_pair.kp_001",
            "aws_key_pair.kp_002",
            "aws_key_pair.kp_003",
            "aws_security_group.sg_generic",
            "aws_subnet.sn_generic",
            "aws_vpc.vpc_001"
          ]
        }
      ]
    },
    {
      "mode": "managed",
      "type": "aws_eip_association",
      "name": "assign_eip_to_ec2_002",
      "provider": "provider.aws",
      "instances": [
        {
          "schema_version": 0,
          "attributes": {
            "allocation_id": "eipalloc-006f974f982ae92a5",
            "allow_reassociation": null,
            "id": "eipassoc-0ec9145e7275933fe",
            "instance_id": "i-058773cbca4eb0b65",
            "network_interface_id": "eni-095cc2548e2e771a5",
            "private_ip_address": "10.0.2.10",
            "public_ip": "3.233.50.185"
          },
          "private": "bnVsbA==",
          "dependencies": [
            "aws_eip.eip_002",
            "aws_instance.ec2_generic",
            "aws_key_pair.kp_001",
            "aws_key_pair.kp_002",
            "aws_key_pair.kp_003",
            "aws_security_group.sg_generic",
            "aws_subnet.sn_generic",
            "aws_vpc.vpc_001"
          ]
        }
      ]
    },
    {
      "mode": "managed",
      "type": "aws_eip_association",
      "name": "assign_eip_to_ec2_003",
      "provider": "provider.aws",
      "instances": [
        {
          "schema_version": 0,
          "attributes": {
            "allocation_id": "eipalloc-0ce98240aa17391a5",
            "allow_reassociation": null,
            "id": "eipassoc-05ee4a8ead36c0ae1",
            "instance_id": "i-041bc2ff1071939cb",
            "network_interface_id": "eni-06ad580ff1e04809d",
            "private_ip_address": "10.0.3.10",
            "public_ip": "3.213.107.3"
          },
          "private": "bnVsbA==",
          "dependencies": [
            "aws_eip.eip_003",
            "aws_instance.ec2_generic",
            "aws_key_pair.kp_001",
            "aws_key_pair.kp_002",
            "aws_key_pair.kp_003",
            "aws_security_group.sg_generic",
            "aws_subnet.sn_generic",
            "aws_vpc.vpc_001"
          ]
        }
      ]
    },
    {
      "mode": "managed",
      "type": "aws_elb",
      "name": "elb_001",
      "provider": "provider.aws",
      "instances": [
        {
          "schema_version": 0,
          "attributes": {
            "access_logs": [],
            "arn": "arn:aws:elasticloadbalancing:us-east-1:423750041257:loadbalancer/elb-001",
            "availability_zones": [
              "us-east-1a",
              "us-east-1b",
              "us-east-1c"
            ],
            "connection_draining": true,
            "connection_draining_timeout": 10,
            "cross_zone_load_balancing": true,
            "dns_name": "elb-001-1118548658.us-east-1.elb.amazonaws.com",
            "health_check": [
              {
                "healthy_threshold": 3,
                "interval": 30,
                "target": "TCP:8080",
                "timeout": 5,
                "unhealthy_threshold": 4
              }
            ],
            "id": "elb-001",
            "idle_timeout": 30,
            "instances": [
              "i-041bc2ff1071939cb",
              "i-058773cbca4eb0b65",
              "i-0e6590d1814b00156"
            ],
            "internal": false,
            "listener": [
              {
                "instance_port": 8080,
                "instance_protocol": "http",
                "lb_port": 8080,
                "lb_protocol": "http",
                "ssl_certificate_id": ""
              },
              {
                "instance_port": 80,
                "instance_protocol": "http",
                "lb_port": 80,
                "lb_protocol": "http",
                "ssl_certificate_id": ""
              }
            ],
            "name": "elb-001",
            "name_prefix": null,
            "security_groups": [
              "sg-084f6557e546ae0b6"
            ],
            "source_security_group": "423750041257/sg_generic",
            "source_security_group_id": "sg-084f6557e546ae0b6",
            "subnets": [
              "subnet-034f73b6fcaebf281",
              "subnet-0d9a09f5f13d37ce5",
              "subnet-0e9f6e349b16230c2"
            ],
            "tags": {
              "Name": "elb-001"
            },
            "zone_id": "Z35SXDOTRQ7X7K"
          },
          "private": "bnVsbA==",
          "dependencies": [
            "aws_instance.ec2_generic",
            "aws_security_group.sg_generic",
            "aws_subnet.sn_generic"
          ]
        }
      ]
    },
    {
      "mode": "managed",
      "type": "aws_iam_access_key",
      "name": "ak_mgrasso",
      "provider": "provider.aws",
      "instances": [
        {
          "schema_version": 0,
          "attributes": {
            "encrypted_secret": null,
            "id": "AKIAWFKLYP2UQKTJRRVO",
            "key_fingerprint": null,
            "pgp_key": null,
            "secret": "dlqqyhYCT5Q51ecVmBYMWrjXXLdcOaivIUheLW73",
            "ses_smtp_password": "AntFk45HxGcHiZQY4RqNaD4ddxdVdsoINh4vf3QhP78v",
            "ses_smtp_password_v4": "BC1qMwGDGgZLRAAryQU9pfb3eXaarsT0zbw6ERPQ6CLw",
            "status": "Active",
            "user": "mgrasso"
          },
          "private": "bnVsbA==",
          "dependencies": [
            "aws_iam_user.usr_mgrasso"
          ]
        }
      ]
    },
    {
      "mode": "managed",
      "type": "aws_iam_access_key",
      "name": "ak_pcriado",
      "provider": "provider.aws",
      "instances": [
        {
          "schema_version": 0,
          "attributes": {
            "encrypted_secret": null,
            "id": "AKIAWFKLYP2UTDRRNE6A",
            "key_fingerprint": null,
            "pgp_key": null,
            "secret": "Wd0wlQTEynR+7VoCaLO3jPj5jwmxbSyd5+SWJUIe",
            "ses_smtp_password": "Alr0KU5aukesK0+bHgIrRizo6lt9I0ec3F5kdSR0SEm7",
            "ses_smtp_password_v4": "BAvv2UEGcQtsmx+kepuR6BikzF67FBz8JMrlg1/B1GTP",
            "status": "Active",
            "user": "pcriado"
          },
          "private": "bnVsbA==",
          "dependencies": [
            "aws_iam_user.usr_pcriado"
          ]
        }
      ]
    },
    {
      "mode": "managed",
      "type": "aws_iam_access_key",
      "name": "ak_rguerra",
      "provider": "provider.aws",
      "instances": [
        {
          "schema_version": 0,
          "attributes": {
            "encrypted_secret": null,
            "id": "AKIAWFKLYP2U6742REXA",
            "key_fingerprint": null,
            "pgp_key": null,
            "secret": "/Dg9HgXuaEXxsmzn1N095dFjC+RsoveeBlrK59ef",
            "ses_smtp_password": "AryUOHDfy0K672sCeDY7RQffotyDU94Q1t8J393x6gYg",
            "ses_smtp_password_v4": "BPUsn1apP/2i32nqj++S5eSZtHGN3RYSBot13FzMk2w5",
            "status": "Active",
            "user": "cguerra"
          },
          "private": "bnVsbA==",
          "dependencies": [
            "aws_iam_user.usr_cguerra"
          ]
        }
      ]
    },
    {
      "mode": "managed",
      "type": "aws_iam_group",
      "name": "grp_administrators",
      "provider": "provider.aws",
      "instances": [
        {
          "schema_version": 0,
          "attributes": {
            "arn": "arn:aws:iam::423750041257:group/users/administrators/administrators",
            "id": "administrators",
            "name": "administrators",
            "path": "/users/administrators/",
            "unique_id": "AGPAWFKLYP2U63ILKBXZD"
          },
          "private": "bnVsbA=="
        }
      ]
    },
    {
      "mode": "managed",
      "type": "aws_iam_group",
      "name": "grp_architects",
      "provider": "provider.aws",
      "instances": [
        {
          "schema_version": 0,
          "attributes": {
            "arn": "arn:aws:iam::423750041257:group/users/architects/architects",
            "id": "architects",
            "name": "architects",
            "path": "/users/architects/",
            "unique_id": "AGPAWFKLYP2U556D27WDT"
          },
          "private": "bnVsbA=="
        }
      ]
    },
    {
      "mode": "managed",
      "type": "aws_iam_group",
      "name": "grp_developers",
      "provider": "provider.aws",
      "instances": [
        {
          "schema_version": 0,
          "attributes": {
            "arn": "arn:aws:iam::423750041257:group/users/developers/developers",
            "id": "developers",
            "name": "developers",
            "path": "/users/developers/",
            "unique_id": "AGPAWFKLYP2U6DQGMWR2F"
          },
          "private": "bnVsbA=="
        }
      ]
    },
    {
      "mode": "managed",
      "type": "aws_iam_group",
      "name": "grp_others",
      "provider": "provider.aws",
      "instances": [
        {
          "schema_version": 0,
          "attributes": {
            "arn": "arn:aws:iam::423750041257:group/users/others/others",
            "id": "others",
            "name": "others",
            "path": "/users/others/",
            "unique_id": "AGPAWFKLYP2U5UQJ5XI4K"
          },
          "private": "bnVsbA=="
        }
      ]
    },
    {
      "mode": "managed",
      "type": "aws_iam_group_membership",
      "name": "assign_usr_to_grp_001",
      "provider": "provider.aws",
      "instances": [
        {
          "schema_version": 0,
          "attributes": {
            "group": "developers",
            "id": "assign_user_to_group_001",
            "name": "assign_user_to_group_001",
            "users": [
              "mgrasso"
            ]
          },
          "private": "bnVsbA==",
          "dependencies": [
            "aws_iam_group.grp_developers",
            "aws_iam_user.usr_mgrasso"
          ]
        }
      ]
    },
    {
      "mode": "managed",
      "type": "aws_iam_group_membership",
      "name": "assign_usr_to_grp_002",
      "provider": "provider.aws",
      "instances": [
        {
          "schema_version": 0,
          "attributes": {
            "group": "architects",
            "id": "assign_user_to_group_002",
            "name": "assign_user_to_group_002",
            "users": [
              "cguerra"
            ]
          },
          "private": "bnVsbA==",
          "dependencies": [
            "aws_iam_group.grp_architects",
            "aws_iam_user.usr_cguerra"
          ]
        }
      ]
    },
    {
      "mode": "managed",
      "type": "aws_iam_group_membership",
      "name": "assign_usr_to_grp_003",
      "provider": "provider.aws",
      "instances": [
        {
          "schema_version": 0,
          "attributes": {
            "group": "others",
            "id": "assign_user_to_group_003",
            "name": "assign_user_to_group_003",
            "users": [
              "pcriado"
            ]
          },
          "private": "bnVsbA==",
          "dependencies": [
            "aws_iam_group.grp_others",
            "aws_iam_user.usr_pcriado"
          ]
        }
      ]
    },
    {
      "mode": "managed",
      "type": "aws_iam_group_membership",
      "name": "assign_usr_to_grp_004",
      "provider": "provider.aws",
      "instances": [
        {
          "schema_version": 0,
          "attributes": {
            "group": "administrators",
            "id": "assign_user_to_group_004",
            "name": "assign_user_to_group_004",
            "users": [
              "cguerra"
            ]
          },
          "private": "bnVsbA==",
          "dependencies": [
            "aws_iam_group.grp_administrators",
            "aws_iam_user.usr_cguerra"
          ]
        }
      ]
    },
    {
      "mode": "managed",
      "type": "aws_iam_policy_attachment",
      "name": "poly_AmazonEC2FullAccess",
      "provider": "provider.aws",
      "instances": [
        {
          "schema_version": 0,
          "attributes": {
            "groups": [
              "administrators",
              "architects"
            ],
            "id": "poly_AmazonEC2FullAccess",
            "name": "poly_AmazonEC2FullAccess",
            "policy_arn": "arn:aws:iam::aws:policy/AmazonEC2FullAccess",
            "roles": [],
            "users": []
          },
          "private": "bnVsbA==",
          "dependencies": [
            "aws_iam_group.grp_administrators",
            "aws_iam_group.grp_architects"
          ]
        }
      ]
    },
    {
      "mode": "managed",
      "type": "aws_iam_policy_attachment",
      "name": "poly_AmazonRoute53FullAccess",
      "provider": "provider.aws",
      "instances": [
        {
          "schema_version": 0,
          "attributes": {
            "groups": [
              "administrators",
              "architects",
              "developers"
            ],
            "id": "poly_AmazonRoute53FullAccess",
            "name": "poly_AmazonRoute53FullAccess",
            "policy_arn": "arn:aws:iam::aws:policy/AmazonRoute53FullAccess",
            "roles": [],
            "users": []
          },
          "private": "bnVsbA==",
          "dependencies": [
            "aws_iam_group.grp_administrators",
            "aws_iam_group.grp_architects",
            "aws_iam_group.grp_developers"
          ]
        }
      ]
    },
    {
      "mode": "managed",
      "type": "aws_iam_policy_attachment",
      "name": "poly_IAMFullAccess",
      "provider": "provider.aws",
      "instances": [
        {
          "schema_version": 0,
          "attributes": {
            "groups": [
              "administrators",
              "architects",
              "developers"
            ],
            "id": "poly_IAMFullAccess",
            "name": "poly_IAMFullAccess",
            "policy_arn": "arn:aws:iam::aws:policy/IAMFullAccess",
            "roles": [],
            "users": []
          },
          "private": "bnVsbA==",
          "dependencies": [
            "aws_iam_group.grp_administrators",
            "aws_iam_group.grp_architects",
            "aws_iam_group.grp_developers"
          ]
        }
      ]
    },
    {
      "mode": "managed",
      "type": "aws_iam_policy_attachment",
      "name": "poly_IAMUserChangePassword",
      "provider": "provider.aws",
      "instances": [
        {
          "schema_version": 0,
          "attributes": {
            "groups": [
              "administrators",
              "architects",
              "developers"
            ],
            "id": "poly_IAMUserChangePassword",
            "name": "poly_IAMUserChangePassword",
            "policy_arn": "arn:aws:iam::aws:policy/IAMUserChangePassword",
            "roles": [],
            "users": []
          },
          "private": "bnVsbA==",
          "dependencies": [
            "aws_iam_group.grp_administrators",
            "aws_iam_group.grp_architects",
            "aws_iam_group.grp_developers"
          ]
        }
      ]
    },
    {
      "mode": "managed",
      "type": "aws_iam_user",
      "name": "usr_cguerra",
      "provider": "provider.aws",
      "instances": [
        {
          "schema_version": 0,
          "attributes": {
            "arn": "arn:aws:iam::423750041257:user/cguerra",
            "force_destroy": true,
            "id": "cguerra",
            "name": "cguerra",
            "path": "/",
            "permissions_boundary": null,
            "tags": {},
            "unique_id": "AIDAWFKLYP2UXLYHVGT35"
          },
          "private": "bnVsbA=="
        }
      ]
    },
    {
      "mode": "managed",
      "type": "aws_iam_user",
      "name": "usr_mgrasso",
      "provider": "provider.aws",
      "instances": [
        {
          "schema_version": 0,
          "attributes": {
            "arn": "arn:aws:iam::423750041257:user/mgrasso",
            "force_destroy": true,
            "id": "mgrasso",
            "name": "mgrasso",
            "path": "/",
            "permissions_boundary": null,
            "tags": {},
            "unique_id": "AIDAWFKLYP2UWVFNV3HMF"
          },
          "private": "bnVsbA=="
        }
      ]
    },
    {
      "mode": "managed",
      "type": "aws_iam_user",
      "name": "usr_pcriado",
      "provider": "provider.aws",
      "instances": [
        {
          "schema_version": 0,
          "attributes": {
            "arn": "arn:aws:iam::423750041257:user/pcriado",
            "force_destroy": true,
            "id": "pcriado",
            "name": "pcriado",
            "path": "/",
            "permissions_boundary": null,
            "tags": {},
            "unique_id": "AIDAWFKLYP2U6TANS5V2S"
          },
          "private": "bnVsbA=="
        }
      ]
    },
    {
      "mode": "managed",
      "type": "aws_instance",
      "name": "ec2_generic",
      "each": "list",
      "provider": "provider.aws",
      "instances": [
        {
          "index_key": 0,
          "schema_version": 1,
          "attributes": {
            "ami": "ami-0c322300a1dd5dc79",
            "arn": "arn:aws:ec2:us-east-1:423750041257:instance/i-0e6590d1814b00156",
            "associate_public_ip_address": true,
            "availability_zone": "us-east-1a",
            "cpu_core_count": 1,
            "cpu_threads_per_core": 1,
            "credit_specification": [
              {
                "cpu_credits": "standard"
              }
            ],
            "disable_api_termination": false,
            "ebs_block_device": [],
            "ebs_optimized": false,
            "ephemeral_block_device": [],
            "get_password_data": false,
            "hibernation": false,
            "host_id": null,
            "iam_instance_profile": "",
            "id": "i-0e6590d1814b00156",
            "instance_initiated_shutdown_behavior": null,
            "instance_state": "running",
            "instance_type": "t2.micro",
            "ipv6_address_count": 0,
            "ipv6_addresses": [],
            "key_name": "kp_001",
            "metadata_options": [
              {
                "http_endpoint": "enabled",
                "http_put_response_hop_limit": 1,
                "http_tokens": "optional"
              }
            ],
            "monitoring": false,
            "network_interface": [],
            "network_interface_id": null,
            "password_data": "",
            "placement_group": "",
            "primary_network_interface_id": "eni-0aeb96fdc2ac1a371",
            "private_dns": "ip-10-0-1-10.ec2.internal",
            "private_ip": "10.0.1.10",
            "public_dns": "ec2-34-224-234-60.compute-1.amazonaws.com",
            "public_ip": "34.224.234.60",
            "root_block_device": [
              {
                "delete_on_termination": true,
                "device_name": "/dev/sda1",
                "encrypted": false,
                "iops": 100,
                "kms_key_id": "",
                "volume_id": "vol-09a7d7e917c4e1742",
                "volume_size": 10,
                "volume_type": "gp2"
              }
            ],
            "security_groups": [],
            "source_dest_check": true,
            "subnet_id": "subnet-0d9a09f5f13d37ce5",
            "tags": {
              "Env": "Desarrollo",
              "Name": "INST. (EC2) #001",
              "Owner": "Terraform"
            },
            "tenancy": "default",
            "timeouts": null,
            "user_data": "4cc496c698cf08a88c1c9c355242ce6380d4ca01",
            "user_data_base64": null,
            "volume_tags": {},
            "vpc_security_group_ids": [
              "sg-084f6557e546ae0b6"
            ]
          },
          "private": "eyJlMmJmYjczMC1lY2FhLTExZTYtOGY4OC0zNDM2M2JjN2M0YzAiOnsiY3JlYXRlIjo2MDAwMDAwMDAwMDAsImRlbGV0ZSI6MTIwMDAwMDAwMDAwMCwidXBkYXRlIjo2MDAwMDAwMDAwMDB9LCJzY2hlbWFfdmVyc2lvbiI6IjEifQ==",
          "dependencies": [
            "aws_key_pair.kp_001",
            "aws_key_pair.kp_002",
            "aws_key_pair.kp_003",
            "aws_security_group.sg_generic",
            "aws_subnet.sn_generic",
            "aws_vpc.vpc_001"
          ]
        },
        {
          "index_key": 1,
          "schema_version": 1,
          "attributes": {
            "ami": "ami-0c322300a1dd5dc79",
            "arn": "arn:aws:ec2:us-east-1:423750041257:instance/i-058773cbca4eb0b65",
            "associate_public_ip_address": true,
            "availability_zone": "us-east-1b",
            "cpu_core_count": 1,
            "cpu_threads_per_core": 1,
            "credit_specification": [
              {
                "cpu_credits": "standard"
              }
            ],
            "disable_api_termination": false,
            "ebs_block_device": [],
            "ebs_optimized": false,
            "ephemeral_block_device": [],
            "get_password_data": false,
            "hibernation": false,
            "host_id": null,
            "iam_instance_profile": "",
            "id": "i-058773cbca4eb0b65",
            "instance_initiated_shutdown_behavior": null,
            "instance_state": "running",
            "instance_type": "t2.micro",
            "ipv6_address_count": 0,
            "ipv6_addresses": [],
            "key_name": "kp_002",
            "metadata_options": [
              {
                "http_endpoint": "enabled",
                "http_put_response_hop_limit": 1,
                "http_tokens": "optional"
              }
            ],
            "monitoring": false,
            "network_interface": [],
            "network_interface_id": null,
            "password_data": "",
            "placement_group": "",
            "primary_network_interface_id": "eni-095cc2548e2e771a5",
            "private_dns": "ip-10-0-2-10.ec2.internal",
            "private_ip": "10.0.2.10",
            "public_dns": "ec2-3-233-50-185.compute-1.amazonaws.com",
            "public_ip": "3.233.50.185",
            "root_block_device": [
              {
                "delete_on_termination": true,
                "device_name": "/dev/sda1",
                "encrypted": false,
                "iops": 100,
                "kms_key_id": "",
                "volume_id": "vol-05dc3afd93d9dabda",
                "volume_size": 10,
                "volume_type": "gp2"
              }
            ],
            "security_groups": [],
            "source_dest_check": true,
            "subnet_id": "subnet-0e9f6e349b16230c2",
            "tags": {
              "Env": "Desarrollo",
              "Name": "INST. (EC2) #002",
              "Owner": "Terraform"
            },
            "tenancy": "default",
            "timeouts": null,
            "user_data": "4cc496c698cf08a88c1c9c355242ce6380d4ca01",
            "user_data_base64": null,
            "volume_tags": {},
            "vpc_security_group_ids": [
              "sg-084f6557e546ae0b6"
            ]
          },
          "private": "eyJlMmJmYjczMC1lY2FhLTExZTYtOGY4OC0zNDM2M2JjN2M0YzAiOnsiY3JlYXRlIjo2MDAwMDAwMDAwMDAsImRlbGV0ZSI6MTIwMDAwMDAwMDAwMCwidXBkYXRlIjo2MDAwMDAwMDAwMDB9LCJzY2hlbWFfdmVyc2lvbiI6IjEifQ==",
          "dependencies": [
            "aws_key_pair.kp_001",
            "aws_key_pair.kp_002",
            "aws_key_pair.kp_003",
            "aws_security_group.sg_generic",
            "aws_subnet.sn_generic",
            "aws_vpc.vpc_001"
          ]
        },
        {
          "index_key": 2,
          "schema_version": 1,
          "attributes": {
            "ami": "ami-0c322300a1dd5dc79",
            "arn": "arn:aws:ec2:us-east-1:423750041257:instance/i-041bc2ff1071939cb",
            "associate_public_ip_address": true,
            "availability_zone": "us-east-1c",
            "cpu_core_count": 1,
            "cpu_threads_per_core": 1,
            "credit_specification": [
              {
                "cpu_credits": "standard"
              }
            ],
            "disable_api_termination": false,
            "ebs_block_device": [],
            "ebs_optimized": false,
            "ephemeral_block_device": [],
            "get_password_data": false,
            "hibernation": false,
            "host_id": null,
            "iam_instance_profile": "",
            "id": "i-041bc2ff1071939cb",
            "instance_initiated_shutdown_behavior": null,
            "instance_state": "running",
            "instance_type": "t2.micro",
            "ipv6_address_count": 0,
            "ipv6_addresses": [],
            "key_name": "kp_003",
            "metadata_options": [
              {
                "http_endpoint": "enabled",
                "http_put_response_hop_limit": 1,
                "http_tokens": "optional"
              }
            ],
            "monitoring": false,
            "network_interface": [],
            "network_interface_id": null,
            "password_data": "",
            "placement_group": "",
            "primary_network_interface_id": "eni-06ad580ff1e04809d",
            "private_dns": "ip-10-0-3-10.ec2.internal",
            "private_ip": "10.0.3.10",
            "public_dns": "ec2-3-213-107-3.compute-1.amazonaws.com",
            "public_ip": "3.213.107.3",
            "root_block_device": [
              {
                "delete_on_termination": true,
                "device_name": "/dev/sda1",
                "encrypted": false,
                "iops": 100,
                "kms_key_id": "",
                "volume_id": "vol-0e1813718b330da58",
                "volume_size": 10,
                "volume_type": "gp2"
              }
            ],
            "security_groups": [],
            "source_dest_check": true,
            "subnet_id": "subnet-034f73b6fcaebf281",
            "tags": {
              "Env": "Desarrollo",
              "Name": "INST. (EC2) #003",
              "Owner": "Terraform"
            },
            "tenancy": "default",
            "timeouts": null,
            "user_data": "4cc496c698cf08a88c1c9c355242ce6380d4ca01",
            "user_data_base64": null,
            "volume_tags": {},
            "vpc_security_group_ids": [
              "sg-084f6557e546ae0b6"
            ]
          },
          "private": "eyJlMmJmYjczMC1lY2FhLTExZTYtOGY4OC0zNDM2M2JjN2M0YzAiOnsiY3JlYXRlIjo2MDAwMDAwMDAwMDAsImRlbGV0ZSI6MTIwMDAwMDAwMDAwMCwidXBkYXRlIjo2MDAwMDAwMDAwMDB9LCJzY2hlbWFfdmVyc2lvbiI6IjEifQ==",
          "dependencies": [
            "aws_key_pair.kp_001",
            "aws_key_pair.kp_002",
            "aws_key_pair.kp_003",
            "aws_security_group.sg_generic",
            "aws_subnet.sn_generic",
            "aws_vpc.vpc_001"
          ]
        }
      ]
    },
    {
      "mode": "managed",
      "type": "aws_internet_gateway",
      "name": "igw_001",
      "provider": "provider.aws",
      "instances": [
        {
          "schema_version": 0,
          "attributes": {
            "id": "igw-02691bf33f6fff339",
            "owner_id": "423750041257",
            "tags": {
              "Name": "INTERNET-GATEWAY #001"
            },
            "vpc_id": "vpc-098a99cc54c34de1d"
          },
          "private": "bnVsbA==",
          "dependencies": [
            "aws_vpc.vpc_001"
          ]
        }
      ]
    },
    {
      "mode": "managed",
      "type": "aws_key_pair",
      "name": "kp_001",
      "provider": "provider.aws",
      "instances": [
        {
          "schema_version": 1,
          "attributes": {
            "fingerprint": "1e:13:97:ef:83:cf:2b:dc:18:8e:c5:60:ec:5d:43:c2",
            "id": "kp_001",
            "key_name": "kp_001",
            "key_name_prefix": null,
            "key_pair_id": "key-0a1388411fee40bfe",
            "public_key": "ssh-rsa AAAAB3NzaC1yc2EAAAADAQABAAAB/AqBFCgRpE+gpFz3NibVuQOQa8T1lYIiJrNlzwALFAlwV6UXkjjiEPcIJDqeJHv0CUlnRdP6HXHljqnm05t+ZeVDWM5PA7bHrCv4Y9ZfEITB9v6E9/ln3XX0QrSY3Z4c9liiHx9rnIPZHVMoCrYdjsj8lPHCIi9Qb8c7J/FqiVsjm1BZJz6/50SqsU/kYiQEX9txVnYycQWlleF32TrGJI/p9/m9C9yYaxNU7w6Tmu/ORBQcEVLjvMhiMkAQo6Fd6px3lC9NWibYG1ChpW0pHeyGalKRqi9SvybaSMXG4i/v0x9tpX8lVTIjSLlKT4gISIeYeDuj8cjaFKNyo8o/axLigFb3WCz9yJTjpoY4bTZjUz3+vAm35lqyps19iBB4gffQdq6r3nlo5p2Yoyxbe73RODTzOe6JDmhjSr5ahdIVKluTArTKRTPFUBnuK5rdfhIYelyOCusBKTDTT4UsJDHJL4XhX/rlzREuubijj49lj9KxQkzvE0dK7I9ecaIWtRxgVHdGLn6WiZN7Qbif17AzRuEmXcsKloVYJIluw049t2NYU8Ozo2OwWMsKaoPlXkJi70bR/gqWwfj75XqnIWOYOPipbIfmePcsb3hdgY/aXYwFYAxOXPQXk9q4vYJlDf+TnY4VCdjk7r8d895SZhPzkyycXX9p2dHUalc=",
            "tags": {}
          },
          "private": "eyJzY2hlbWFfdmVyc2lvbiI6IjEifQ=="
        }
      ]
    },
    {
      "mode": "managed",
      "type": "aws_key_pair",
      "name": "kp_002",
      "provider": "provider.aws",
      "instances": [
        {
          "schema_version": 1,
          "attributes": {
            "fingerprint": "1e:13:97:ef:83:cf:2b:dc:18:8e:c5:60:ec:5d:43:c2",
            "id": "kp_002",
            "key_name": "kp_002",
            "key_name_prefix": null,
            "key_pair_id": "key-07c47c08fd9c53563",
            "public_key": "ssh-rsa AAAAB3NzaC1yc2EAAAADAQABAAAB/AqBFCgRpE+gpFz3NibVuQOQa8T1lYIiJrNlzwALFAlwV6UXkjjiEPcIJDqeJHv0CUlnRdP6HXHljqnm05t+ZeVDWM5PA7bHrCv4Y9ZfEITB9v6E9/ln3XX0QrSY3Z4c9liiHx9rnIPZHVMoCrYdjsj8lPHCIi9Qb8c7J/FqiVsjm1BZJz6/50SqsU/kYiQEX9txVnYycQWlleF32TrGJI/p9/m9C9yYaxNU7w6Tmu/ORBQcEVLjvMhiMkAQo6Fd6px3lC9NWibYG1ChpW0pHeyGalKRqi9SvybaSMXG4i/v0x9tpX8lVTIjSLlKT4gISIeYeDuj8cjaFKNyo8o/axLigFb3WCz9yJTjpoY4bTZjUz3+vAm35lqyps19iBB4gffQdq6r3nlo5p2Yoyxbe73RODTzOe6JDmhjSr5ahdIVKluTArTKRTPFUBnuK5rdfhIYelyOCusBKTDTT4UsJDHJL4XhX/rlzREuubijj49lj9KxQkzvE0dK7I9ecaIWtRxgVHdGLn6WiZN7Qbif17AzRuEmXcsKloVYJIluw049t2NYU8Ozo2OwWMsKaoPlXkJi70bR/gqWwfj75XqnIWOYOPipbIfmePcsb3hdgY/aXYwFYAxOXPQXk9q4vYJlDf+TnY4VCdjk7r8d895SZhPzkyycXX9p2dHUalc=",
            "tags": {}
          },
          "private": "eyJzY2hlbWFfdmVyc2lvbiI6IjEifQ=="
        }
      ]
    },
    {
      "mode": "managed",
      "type": "aws_key_pair",
      "name": "kp_003",
      "provider": "provider.aws",
      "instances": [
        {
          "schema_version": 1,
          "attributes": {
            "fingerprint": "1e:13:97:ef:83:cf:2b:dc:18:8e:c5:60:ec:5d:43:c2",
            "id": "kp_003",
            "key_name": "kp_003",
            "key_name_prefix": null,
            "key_pair_id": "key-09013ebccd0bb6f85",
            "public_key": "ssh-rsa AAAAB3NzaC1yc2EAAAADAQABAAAB/AqBFCgRpE+gpFz3NibVuQOQa8T1lYIiJrNlzwALFAlwV6UXkjjiEPcIJDqeJHv0CUlnRdP6HXHljqnm05t+ZeVDWM5PA7bHrCv4Y9ZfEITB9v6E9/ln3XX0QrSY3Z4c9liiHx9rnIPZHVMoCrYdjsj8lPHCIi9Qb8c7J/FqiVsjm1BZJz6/50SqsU/kYiQEX9txVnYycQWlleF32TrGJI/p9/m9C9yYaxNU7w6Tmu/ORBQcEVLjvMhiMkAQo6Fd6px3lC9NWibYG1ChpW0pHeyGalKRqi9SvybaSMXG4i/v0x9tpX8lVTIjSLlKT4gISIeYeDuj8cjaFKNyo8o/axLigFb3WCz9yJTjpoY4bTZjUz3+vAm35lqyps19iBB4gffQdq6r3nlo5p2Yoyxbe73RODTzOe6JDmhjSr5ahdIVKluTArTKRTPFUBnuK5rdfhIYelyOCusBKTDTT4UsJDHJL4XhX/rlzREuubijj49lj9KxQkzvE0dK7I9ecaIWtRxgVHdGLn6WiZN7Qbif17AzRuEmXcsKloVYJIluw049t2NYU8Ozo2OwWMsKaoPlXkJi70bR/gqWwfj75XqnIWOYOPipbIfmePcsb3hdgY/aXYwFYAxOXPQXk9q4vYJlDf+TnY4VCdjk7r8d895SZhPzkyycXX9p2dHUalc=",
            "tags": {}
          },
          "private": "eyJzY2hlbWFfdmVyc2lvbiI6IjEifQ=="
        }
      ]
    },
    {
      "mode": "managed",
      "type": "aws_launch_configuration",
      "name": "launch_config_001",
      "provider": "provider.aws",
      "instances": [
        {
          "schema_version": 0,
          "attributes": {
            "arn": "arn:aws:autoscaling:us-east-1:423750041257:launchConfiguration:572bc1ac-0656-4b2c-924d-2a1daa62a965:launchConfigurationName/launch_config_001-20200509201048552500000002",
            "associate_public_ip_address": true,
            "ebs_block_device": [],
            "ebs_optimized": false,
            "enable_monitoring": true,
            "ephemeral_block_device": [],
            "iam_instance_profile": "",
            "id": "launch_config_001-20200509201048552500000002",
            "image_id": "ami-0c322300a1dd5dc79",
            "instance_type": "t2.micro",
            "key_name": "kp_001",
            "name": "launch_config_001-20200509201048552500000002",
            "name_prefix": "launch_config_001-",
            "placement_tenancy": null,
            "root_block_device": [],
            "security_groups": [
              "sg-084f6557e546ae0b6"
            ],
            "spot_price": "",
            "user_data": "4cc496c698cf08a88c1c9c355242ce6380d4ca01",
            "user_data_base64": null,
            "vpc_classic_link_id": "",
            "vpc_classic_link_security_groups": []
          },
          "private": "bnVsbA==",
          "dependencies": [
            "aws_key_pair.kp_001",
            "aws_security_group.sg_generic",
            "aws_vpc.vpc_001"
          ]
        }
      ]
    },
    {
      "mode": "managed",
      "type": "aws_route53_record",
      "name": "server_001",
      "provider": "provider.aws",
      "instances": [
        {
          "schema_version": 2,
          "attributes": {
            "alias": [
              {
                "evaluate_target_health": true,
                "name": "elb-001-1118548658.us-east-1.elb.amazonaws.com",
                "zone_id": "Z35SXDOTRQ7X7K"
              }
            ],
            "allow_overwrite": null,
            "failover_routing_policy": [],
            "fqdn": "www.capacitacion-terraform.com",
            "geolocation_routing_policy": [],
            "health_check_id": "",
            "id": "Z04033013RXYLJPZBHME9_www.capacitacion-terraform.com._A",
            "latency_routing_policy": [],
            "multivalue_answer_routing_policy": null,
            "name": "www.capacitacion-terraform.com",
            "records": [],
            "set_identifier": "",
            "ttl": 0,
            "type": "A",
            "weighted_routing_policy": [],
            "zone_id": "Z04033013RXYLJPZBHME9"
          },
          "private": "eyJzY2hlbWFfdmVyc2lvbiI6IjIifQ==",
          "dependencies": [
            "aws_elb.elb_001",
            "aws_instance.ec2_generic",
            "aws_key_pair.kp_001",
            "aws_key_pair.kp_002",
            "aws_key_pair.kp_003",
            "aws_route53_zone.r53_001",
            "aws_security_group.sg_generic",
            "aws_subnet.sn_generic",
            "aws_vpc.vpc_001"
          ]
        }
      ]
    },
    {
      "mode": "managed",
      "type": "aws_route53_zone",
      "name": "r53_001",
      "provider": "provider.aws",
      "instances": [
        {
          "schema_version": 0,
          "attributes": {
            "comment": "Managed by Terraform",
            "delegation_set_id": "",
            "force_destroy": false,
            "id": "Z04033013RXYLJPZBHME9",
            "name": "capacitacion-terraform.com.",
            "name_servers": [
              "ns-1210.awsdns-23.org",
              "ns-1550.awsdns-01.co.uk",
              "ns-473.awsdns-59.com",
              "ns-930.awsdns-52.net"
            ],
            "tags": {},
            "vpc": [],
            "vpc_id": null,
            "vpc_region": null,
            "zone_id": "Z04033013RXYLJPZBHME9"
          },
          "private": "bnVsbA=="
        }
      ]
    },
    {
      "mode": "managed",
      "type": "aws_route_table",
      "name": "rt_001",
      "provider": "provider.aws",
      "instances": [
        {
          "schema_version": 0,
          "attributes": {
            "id": "rtb-097863c3d7eddc6fa",
            "owner_id": "423750041257",
            "propagating_vgws": [],
            "route": [
              {
                "cidr_block": "0.0.0.0/0",
                "egress_only_gateway_id": "",
                "gateway_id": "igw-02691bf33f6fff339",
                "instance_id": "",
                "ipv6_cidr_block": "",
                "nat_gateway_id": "",
                "network_interface_id": "",
                "transit_gateway_id": "",
                "vpc_peering_connection_id": ""
              }
            ],
            "tags": {
              "Name": "ROUTE-TABLE #001"
            },
            "vpc_id": "vpc-098a99cc54c34de1d"
          },
          "private": "bnVsbA==",
          "dependencies": [
            "aws_internet_gateway.igw_001",
            "aws_vpc.vpc_001"
          ]
        }
      ]
    },
    {
      "mode": "managed",
      "type": "aws_route_table_association",
      "name": "assign_sn_to_rt_001",
      "provider": "provider.aws",
      "instances": [
        {
          "schema_version": 0,
          "attributes": {
            "gateway_id": null,
            "id": "rtbassoc-08d076ecf35d3f803",
            "route_table_id": "rtb-097863c3d7eddc6fa",
            "subnet_id": "subnet-0d9a09f5f13d37ce5"
          },
          "private": "bnVsbA==",
          "dependencies": [
            "aws_internet_gateway.igw_001",
            "aws_route_table.rt_001",
            "aws_subnet.sn_generic",
            "aws_vpc.vpc_001"
          ]
        }
      ]
    },
    {
      "mode": "managed",
      "type": "aws_route_table_association",
      "name": "assign_sn_to_rt_002",
      "provider": "provider.aws",
      "instances": [
        {
          "schema_version": 0,
          "attributes": {
            "gateway_id": null,
            "id": "rtbassoc-086cf47f8b6c1334f",
            "route_table_id": "rtb-097863c3d7eddc6fa",
            "subnet_id": "subnet-0e9f6e349b16230c2"
          },
          "private": "bnVsbA==",
          "dependencies": [
            "aws_internet_gateway.igw_001",
            "aws_route_table.rt_001",
            "aws_subnet.sn_generic",
            "aws_vpc.vpc_001"
          ]
        }
      ]
    },
    {
      "mode": "managed",
      "type": "aws_route_table_association",
      "name": "assign_sn_to_rt_003",
      "provider": "provider.aws",
      "instances": [
        {
          "schema_version": 0,
          "attributes": {
            "gateway_id": null,
            "id": "rtbassoc-098c7b8962dad6f29",
            "route_table_id": "rtb-097863c3d7eddc6fa",
            "subnet_id": "subnet-034f73b6fcaebf281"
          },
          "private": "bnVsbA==",
          "dependencies": [
            "aws_internet_gateway.igw_001",
            "aws_route_table.rt_001",
            "aws_subnet.sn_generic",
            "aws_vpc.vpc_001"
          ]
        }
      ]
    },
    {
      "mode": "managed",
      "type": "aws_s3_bucket",
      "name": "bs3_001",
      "provider": "provider.aws",
      "instances": [
        {
          "schema_version": 0,
          "attributes": {
            "acceleration_status": "",
            "acl": "private",
            "arn": "arn:aws:s3:::capacitacion-terraform",
            "bucket": "capacitacion-terraform",
            "bucket_domain_name": "capacitacion-terraform.s3.amazonaws.com",
            "bucket_prefix": null,
            "bucket_regional_domain_name": "capacitacion-terraform.s3.amazonaws.com",
            "cors_rule": [],
            "force_destroy": true,
            "grant": [],
            "hosted_zone_id": "Z3AQBSTGFYJSTF",
            "id": "capacitacion-terraform",
            "lifecycle_rule": [],
            "logging": [],
            "object_lock_configuration": [],
            "policy": null,
            "region": "us-east-1",
            "replication_configuration": [],
            "request_payer": "BucketOwner",
            "server_side_encryption_configuration": [],
            "tags": {},
            "versioning": [
              {
                "enabled": true,
                "mfa_delete": false
              }
            ],
            "website": [],
            "website_domain": null,
            "website_endpoint": null
          },
          "private": "bnVsbA=="
        }
      ]
    },
    {
      "mode": "managed",
      "type": "aws_s3_bucket_object",
      "name": "obj_bs3_001",
      "provider": "provider.aws",
      "instances": [
        {
          "schema_version": 0,
          "attributes": {
            "acl": "private",
            "bucket": "capacitacion-terraform",
            "cache_control": "",
            "content": null,
            "content_base64": null,
            "content_disposition": "",
            "content_encoding": "text/plain",
            "content_language": "",
            "content_type": "binary/octet-stream",
            "etag": "448365e149f26c4bd87ca58049229143",
            "force_destroy": false,
            "id": "Install_MicroService_nodo1.sh",
            "key": "Install_MicroService_nodo1.sh",
            "kms_key_id": null,
            "metadata": {},
            "object_lock_legal_hold_status": "",
            "object_lock_mode": "",
            "object_lock_retain_until_date": "",
            "server_side_encryption": "",
            "source": "SCRIPTS/Install_MicroService_nodo1.sh",
            "storage_class": "STANDARD",
            "tags": {},
            "version_id": "5PfzuN2Gfzgf_1iHDdQfEAVVUKTNF6w0",
            "website_redirect": ""
          },
          "private": "bnVsbA==",
          "dependencies": [
            "aws_s3_bucket.bs3_001"
          ]
        }
      ]
    },
    {
      "mode": "managed",
      "type": "aws_s3_bucket_policy",
      "name": "polu_bs3_001",
      "provider": "provider.aws",
      "instances": [
        {
          "schema_version": 0,
          "attributes": {
            "bucket": "capacitacion-terraform",
            "id": "capacitacion-terraform",
            "policy": "{\"Version\":\"2012-10-17\",\"Id\":\"MY_BUCKET_POLICY\",\"Statement\":[{\"Sid\":\"IPAllow\",\"Effect\":\"Allow\",\"Principal\":\"*\",\"Action\":\"s3:*\",\"Resource\":\"arn:aws:s3:::capacitacion-terraform/*\"}]}"
          },
          "private": "bnVsbA==",
          "dependencies": [
            "aws_s3_bucket.bs3_001"
          ]
        }
      ]
    },
    {
      "mode": "managed",
      "type": "aws_security_group",
      "name": "sg_generic",
      "provider": "provider.aws",
      "instances": [
        {
          "schema_version": 1,
          "attributes": {
            "arn": "arn:aws:ec2:us-east-1:423750041257:security-group/sg-084f6557e546ae0b6",
            "description": "IMPORTANTE: permite acceso = SSH - HTTP - HTTPs - TOMCAT",
            "egress": [
              {
                "cidr_blocks": [
                  "0.0.0.0/0"
                ],
                "description": "",
                "from_port": 0,
                "ipv6_cidr_blocks": [],
                "prefix_list_ids": [],
                "protocol": "-1",
                "security_groups": [],
                "self": false,
                "to_port": 0
              }
            ],
            "id": "sg-084f6557e546ae0b6",
            "ingress": [
              {
                "cidr_blocks": [
                  "0.0.0.0/0"
                ],
                "description": "",
                "from_port": -1,
                "ipv6_cidr_blocks": [],
                "prefix_list_ids": [],
                "protocol": "icmp",
                "security_groups": [],
                "self": false,
                "to_port": -1
              },
              {
                "cidr_blocks": [
                  "0.0.0.0/0"
                ],
                "description": "",
                "from_port": 22,
                "ipv6_cidr_blocks": [],
                "prefix_list_ids": [],
                "protocol": "tcp",
                "security_groups": [],
                "self": false,
                "to_port": 22
              },
              {
                "cidr_blocks": [
                  "0.0.0.0/0"
                ],
                "description": "",
                "from_port": 443,
                "ipv6_cidr_blocks": [],
                "prefix_list_ids": [],
                "protocol": "tcp",
                "security_groups": [],
                "self": false,
                "to_port": 443
              },
              {
                "cidr_blocks": [
                  "0.0.0.0/0"
                ],
                "description": "",
                "from_port": 8080,
                "ipv6_cidr_blocks": [],
                "prefix_list_ids": [],
                "protocol": "tcp",
                "security_groups": [],
                "self": false,
                "to_port": 8080
              },
              {
                "cidr_blocks": [
                  "0.0.0.0/0"
                ],
                "description": "",
                "from_port": 80,
                "ipv6_cidr_blocks": [],
                "prefix_list_ids": [],
                "protocol": "tcp",
                "security_groups": [],
                "self": false,
                "to_port": 80
              }
            ],
            "name": "sg_generic",
            "name_prefix": null,
            "owner_id": "423750041257",
            "revoke_rules_on_delete": false,
            "tags": {
              "Name": "SECURITY-GROUP #001"
            },
            "timeouts": null,
            "vpc_id": "vpc-098a99cc54c34de1d"
          },
          "private": "eyJlMmJmYjczMC1lY2FhLTExZTYtOGY4OC0zNDM2M2JjN2M0YzAiOnsiY3JlYXRlIjo2MDAwMDAwMDAwMDAsImRlbGV0ZSI6NjAwMDAwMDAwMDAwfSwic2NoZW1hX3ZlcnNpb24iOiIxIn0=",
          "dependencies": [
            "aws_vpc.vpc_001"
          ]
        }
      ]
    },
    {
      "mode": "managed",
      "type": "aws_subnet",
      "name": "sn_generic",
      "each": "list",
      "provider": "provider.aws",
      "instances": [
        {
          "index_key": 0,
          "schema_version": 1,
          "attributes": {
            "arn": "arn:aws:ec2:us-east-1:423750041257:subnet/subnet-0d9a09f5f13d37ce5",
            "assign_ipv6_address_on_creation": false,
            "availability_zone": "us-east-1a",
            "availability_zone_id": "use1-az4",
            "cidr_block": "10.0.1.0/24",
            "id": "subnet-0d9a09f5f13d37ce5",
            "ipv6_cidr_block": "",
            "ipv6_cidr_block_association_id": "",
            "map_public_ip_on_launch": true,
            "owner_id": "423750041257",
            "tags": {
              "Name": "SUBNET #001"
            },
            "timeouts": null,
            "vpc_id": "vpc-098a99cc54c34de1d"
          },
          "private": "eyJlMmJmYjczMC1lY2FhLTExZTYtOGY4OC0zNDM2M2JjN2M0YzAiOnsiY3JlYXRlIjo2MDAwMDAwMDAwMDAsImRlbGV0ZSI6MTIwMDAwMDAwMDAwMH0sInNjaGVtYV92ZXJzaW9uIjoiMSJ9",
          "dependencies": [
            "aws_vpc.vpc_001"
          ]
        },
        {
          "index_key": 1,
          "schema_version": 1,
          "attributes": {
            "arn": "arn:aws:ec2:us-east-1:423750041257:subnet/subnet-0e9f6e349b16230c2",
            "assign_ipv6_address_on_creation": false,
            "availability_zone": "us-east-1b",
            "availability_zone_id": "use1-az6",
            "cidr_block": "10.0.2.0/24",
            "id": "subnet-0e9f6e349b16230c2",
            "ipv6_cidr_block": "",
            "ipv6_cidr_block_association_id": "",
            "map_public_ip_on_launch": true,
            "owner_id": "423750041257",
            "tags": {
              "Name": "SUBNET #002"
            },
            "timeouts": null,
            "vpc_id": "vpc-098a99cc54c34de1d"
          },
          "private": "eyJlMmJmYjczMC1lY2FhLTExZTYtOGY4OC0zNDM2M2JjN2M0YzAiOnsiY3JlYXRlIjo2MDAwMDAwMDAwMDAsImRlbGV0ZSI6MTIwMDAwMDAwMDAwMH0sInNjaGVtYV92ZXJzaW9uIjoiMSJ9",
          "dependencies": [
            "aws_vpc.vpc_001"
          ]
        },
        {
          "index_key": 2,
          "schema_version": 1,
          "attributes": {
            "arn": "arn:aws:ec2:us-east-1:423750041257:subnet/subnet-034f73b6fcaebf281",
            "assign_ipv6_address_on_creation": false,
            "availability_zone": "us-east-1c",
            "availability_zone_id": "use1-az1",
            "cidr_block": "10.0.3.0/24",
            "id": "subnet-034f73b6fcaebf281",
            "ipv6_cidr_block": "",
            "ipv6_cidr_block_association_id": "",
            "map_public_ip_on_launch": true,
            "owner_id": "423750041257",
            "tags": {
              "Name": "SUBNET #003"
            },
            "timeouts": null,
            "vpc_id": "vpc-098a99cc54c34de1d"
          },
          "private": "eyJlMmJmYjczMC1lY2FhLTExZTYtOGY4OC0zNDM2M2JjN2M0YzAiOnsiY3JlYXRlIjo2MDAwMDAwMDAwMDAsImRlbGV0ZSI6MTIwMDAwMDAwMDAwMH0sInNjaGVtYV92ZXJzaW9uIjoiMSJ9",
          "dependencies": [
            "aws_vpc.vpc_001"
          ]
        }
      ]
    },
    {
      "mode": "managed",
      "type": "aws_vpc",
      "name": "vpc_001",
      "provider": "provider.aws",
      "instances": [
        {
          "schema_version": 1,
          "attributes": {
            "arn": "arn:aws:ec2:us-east-1:423750041257:vpc/vpc-098a99cc54c34de1d",
            "assign_generated_ipv6_cidr_block": false,
            "cidr_block": "10.0.0.0/16",
            "default_network_acl_id": "acl-0341ca06c468eab4c",
            "default_route_table_id": "rtb-07f22759d63de8d63",
            "default_security_group_id": "sg-0ee691fb75c0bd80e",
            "dhcp_options_id": "dopt-19c36463",
            "enable_classiclink": false,
            "enable_classiclink_dns_support": false,
            "enable_dns_hostnames": true,
            "enable_dns_support": true,
            "id": "vpc-098a99cc54c34de1d",
            "instance_tenancy": "default",
            "ipv6_association_id": "",
            "ipv6_cidr_block": "",
            "main_route_table_id": "rtb-07f22759d63de8d63",
            "owner_id": "423750041257",
            "tags": {
              "Name": "VPC #001"
            }
          },
          "private": "eyJzY2hlbWFfdmVyc2lvbiI6IjEifQ=="
        }
      ]
    }
  ]
}
